
Microsoft Visual Studio Solution File, Format Version 12.00
# Visual Studio 15
Project("{FAE04EC0-301F-11D3-BF4B-00C04F79EFBC}") = "NavMeshComponentsTestsEditmode", "NavMeshComponentsTestsEditmode.csproj", "{60F54F18-F5C2-55D1-5F93-1F2CF76EB8DE}"
EndProject
Project("{FAE04EC0-301F-11D3-BF4B-00C04F79EFBC}") = "NavMeshComponentsExamples", "NavMeshComponentsExamples.csproj", "{AEA54A41-F359-3F10-A7A7-03CC32487B4F}"
EndProject
Project("{FAE04EC0-301F-11D3-BF4B-00C04F79EFBC}") = "Assembly-CSharp", "Assembly-CSharp.csproj", "{9E97C85A-D652-4BE6-E8CB-60A26273A127}"
EndProject
Project("{FAE04EC0-301F-11D3-BF4B-00C04F79EFBC}") = "NavMeshComponentsTestsPlaymode", "NavMeshComponentsTestsPlaymode.csproj", "{EA611CCC-6F34-01C7-E60A-3EA3B1CCC1F2}"
EndProject
Project("{FAE04EC0-301F-11D3-BF4B-00C04F79EFBC}") = "NavMeshComponents", "NavMeshComponents.csproj", "{B4735E82-37BB-ECD4-1EE2-C20E6311C29A}"
EndProject
Project("{FAE04EC0-301F-11D3-BF4B-00C04F79EFBC}") = "NavMeshComponentsExamplesEditor", "NavMeshComponentsExamplesEditor.csproj", "{E3B2A8B4-0B12-81CF-713F-D08E1E7E3B27}"
EndProject
Project("{FAE04EC0-301F-11D3-BF4B-00C04F79EFBC}") = "NavMeshComponentsEditor", "NavMeshComponentsEditor.csproj", "{03BFEC2B-33C6-AF07-0A5A-2F5D18104100}"
EndProject
Project("{FAE04EC0-301F-11D3-BF4B-00C04F79EFBC}") = "Assembly-CSharp-Editor", "Assembly-CSharp-Editor.csproj", "{DBCC124F-EDB8-87BB-FC20-92E1DC30372B}"
EndProject
Global
	GlobalSection(SolutionConfigurationPlatforms) = preSolution
		Debug|Any CPU = Debug|Any CPU
		Release|Any CPU = Release|Any CPU
	EndGlobalSection
	GlobalSection(ProjectConfigurationPlatforms) = postSolution
		{60F54F18-F5C2-55D1-5F93-1F2CF76EB8DE}.Debug|Any CPU.ActiveCfg = Debug|Any CPU
		{60F54F18-F5C2-55D1-5F93-1F2CF76EB8DE}.Debug|Any CPU.Build.0 = Debug|Any CPU
		{60F54F18-F5C2-55D1-5F93-1F2CF76EB8DE}.Release|Any CPU.ActiveCfg = Release|Any CPU
		{60F54F18-F5C2-55D1-5F93-1F2CF76EB8DE}.Release|Any CPU.Build.0 = Release|Any CPU
		{AEA54A41-F359-3F10-A7A7-03CC32487B4F}.Debug|Any CPU.ActiveCfg = Debug|Any CPU
		{AEA54A41-F359-3F10-A7A7-03CC32487B4F}.Debug|Any CPU.Build.0 = Debug|Any CPU
		{AEA54A41-F359-3F10-A7A7-03CC32487B4F}.Release|Any CPU.ActiveCfg = Release|Any CPU
		{AEA54A41-F359-3F10-A7A7-03CC32487B4F}.Release|Any CPU.Build.0 = Release|Any CPU
		{9E97C85A-D652-4BE6-E8CB-60A26273A127}.Debug|Any CPU.ActiveCfg = Debug|Any CPU
		{9E97C85A-D652-4BE6-E8CB-60A26273A127}.Debug|Any CPU.Build.0 = Debug|Any CPU
		{9E97C85A-D652-4BE6-E8CB-60A26273A127}.Release|Any CPU.ActiveCfg = Release|Any CPU
		{9E97C85A-D652-4BE6-E8CB-60A26273A127}.Release|Any CPU.Build.0 = Release|Any CPU
		{EA611CCC-6F34-01C7-E60A-3EA3B1CCC1F2}.Debug|Any CPU.ActiveCfg = Debug|Any CPU
		{EA611CCC-6F34-01C7-E60A-3EA3B1CCC1F2}.Debug|Any CPU.Build.0 = Debug|Any CPU
		{EA611CCC-6F34-01C7-E60A-3EA3B1CCC1F2}.Release|Any CPU.ActiveCfg = Release|Any CPU
		{EA611CCC-6F34-01C7-E60A-3EA3B1CCC1F2}.Release|Any CPU.Build.0 = Release|Any CPU
		{B4735E82-37BB-ECD4-1EE2-C20E6311C29A}.Debug|Any CPU.ActiveCfg = Debug|Any CPU
		{B4735E82-37BB-ECD4-1EE2-C20E6311C29A}.Debug|Any CPU.Build.0 = Debug|Any CPU
		{B4735E82-37BB-ECD4-1EE2-C20E6311C29A}.Release|Any CPU.ActiveCfg = Release|Any CPU
		{B4735E82-37BB-ECD4-1EE2-C20E6311C29A}.Release|Any CPU.Build.0 = Release|Any CPU
		{E3B2A8B4-0B12-81CF-713F-D08E1E7E3B27}.Debug|Any CPU.ActiveCfg = Debug|Any CPU
		{E3B2A8B4-0B12-81CF-713F-D08E1E7E3B27}.Debug|Any CPU.Build.0 = Debug|Any CPU
		{E3B2A8B4-0B12-81CF-713F-D08E1E7E3B27}.Release|Any CPU.ActiveCfg = Release|Any CPU
		{E3B2A8B4-0B12-81CF-713F-D08E1E7E3B27}.Release|Any CPU.Build.0 = Release|Any CPU
		{03BFEC2B-33C6-AF07-0A5A-2F5D18104100}.Debug|Any CPU.ActiveCfg = Debug|Any CPU
		{03BFEC2B-33C6-AF07-0A5A-2F5D18104100}.Debug|Any CPU.Build.0 = Debug|Any CPU
		{03BFEC2B-33C6-AF07-0A5A-2F5D18104100}.Release|Any CPU.ActiveCfg = Release|Any CPU
		{03BFEC2B-33C6-AF07-0A5A-2F5D18104100}.Release|Any CPU.Build.0 = Release|Any CPU
		{DBCC124F-EDB8-87BB-FC20-92E1DC30372B}.Debug|Any CPU.ActiveCfg = Debug|Any CPU
		{DBCC124F-EDB8-87BB-FC20-92E1DC30372B}.Debug|Any CPU.Build.0 = Debug|Any CPU
		{DBCC124F-EDB8-87BB-FC20-92E1DC30372B}.Release|Any CPU.ActiveCfg = Release|Any CPU
		{DBCC124F-EDB8-87BB-FC20-92E1DC30372B}.Release|Any CPU.Build.0 = Release|Any CPU
	EndGlobalSection
	GlobalSection(SolutionProperties) = preSolution
		HideSolutionNode = FALSE
	EndGlobalSection
EndGlobal
